// !$*UTF8*$!
{
	archiveVersion = 1;
	classes = {
	};
	objectVersion = 56;
	objects = {

/* Begin PBXBuildFile section */
		A1632BCEDB7AE0F716825325 /* Pods_TheWeather.framework in Frameworks */ = {isa = PBXBuildFile; fileRef = 78A37744683861939B7085A3 /* Pods_TheWeather.framework */; };
		CA6832192A1CFE8C002DE5C6 /* ModuleAssembley.swift in Sources */ = {isa = PBXBuildFile; fileRef = CA6832182A1CFE8C002DE5C6 /* ModuleAssembley.swift */; };
		CA68321B2A1CFF4A002DE5C6 /* Typealias.swift in Sources */ = {isa = PBXBuildFile; fileRef = CA68321A2A1CFF4A002DE5C6 /* Typealias.swift */; };
		CA68321E2A1CFFE9002DE5C6 /* Extension+UIViewController.swift in Sources */ = {isa = PBXBuildFile; fileRef = CA68321D2A1CFFE9002DE5C6 /* Extension+UIViewController.swift */; };
		CA6832202A1D0549002DE5C6 /* Extension+UIApplication.swift in Sources */ = {isa = PBXBuildFile; fileRef = CA68321F2A1D0549002DE5C6 /* Extension+UIApplication.swift */; };
		CA6832272A1D2806002DE5C6 /* LaunchScreenPresenter.swift in Sources */ = {isa = PBXBuildFile; fileRef = CA6832262A1D2806002DE5C6 /* LaunchScreenPresenter.swift */; };
		CA6832292A1D2816002DE5C6 /* LaunchScreenAssembly.swift in Sources */ = {isa = PBXBuildFile; fileRef = CA6832282A1D2816002DE5C6 /* LaunchScreenAssembly.swift */; };
		CA68322B2A1D2821002DE5C6 /* LaunchScreenView.swift in Sources */ = {isa = PBXBuildFile; fileRef = CA68322A2A1D2821002DE5C6 /* LaunchScreenView.swift */; };
		CA68322E2A1D2B6C002DE5C6 /* LaunchScreenRouter.swift in Sources */ = {isa = PBXBuildFile; fileRef = CA68322D2A1D2B6C002DE5C6 /* LaunchScreenRouter.swift */; };
		CA6832302A1D2E07002DE5C6 /* Extension+UIView.swift in Sources */ = {isa = PBXBuildFile; fileRef = CA68322F2A1D2E07002DE5C6 /* Extension+UIView.swift */; };
		CA6832362A1D482D002DE5C6 /* TabBarViewController.swift in Sources */ = {isa = PBXBuildFile; fileRef = CA6832352A1D482D002DE5C6 /* TabBarViewController.swift */; };
		CA6832392A1D5487002DE5C6 /* CustomTabBar.swift in Sources */ = {isa = PBXBuildFile; fileRef = CA6832382A1D5487002DE5C6 /* CustomTabBar.swift */; };
		CA68323B2A1D57B1002DE5C6 /* TabbarModel.swift in Sources */ = {isa = PBXBuildFile; fileRef = CA68323A2A1D57B1002DE5C6 /* TabbarModel.swift */; };
		CA68323D2A1D58C7002DE5C6 /* TabbarItem.swift in Sources */ = {isa = PBXBuildFile; fileRef = CA68323C2A1D58C7002DE5C6 /* TabbarItem.swift */; };
		CA68323F2A1D5A24002DE5C6 /* Extension+UIColor.swift in Sources */ = {isa = PBXBuildFile; fileRef = CA68323E2A1D5A24002DE5C6 /* Extension+UIColor.swift */; };
		CA6832432A1D6252002DE5C6 /* Extension+UIImage.swift in Sources */ = {isa = PBXBuildFile; fileRef = CA6832422A1D6252002DE5C6 /* Extension+UIImage.swift */; };
		CA6832452A1D6718002DE5C6 /* BaseTabbarItem.swift in Sources */ = {isa = PBXBuildFile; fileRef = CA6832442A1D6718002DE5C6 /* BaseTabbarItem.swift */; };
		CA6832472A1D6BDC002DE5C6 /* Extension+UINavigationController.swift in Sources */ = {isa = PBXBuildFile; fileRef = CA6832462A1D6BDC002DE5C6 /* Extension+UINavigationController.swift */; };
		CA6832492A1D8237002DE5C6 /* TabBarAssembly.swift in Sources */ = {isa = PBXBuildFile; fileRef = CA6832482A1D8237002DE5C6 /* TabBarAssembly.swift */; };
		CAB4604A2A1E234A00C0C5EC /* CustomSearchInput.swift in Sources */ = {isa = PBXBuildFile; fileRef = CAB460492A1E234A00C0C5EC /* CustomSearchInput.swift */; };
		CAB4604C2A1E562E00C0C5EC /* WeatherDetail.swift in Sources */ = {isa = PBXBuildFile; fileRef = CAB4604B2A1E562E00C0C5EC /* WeatherDetail.swift */; };
		CAB4604F2A1E653B00C0C5EC /* LocationView.swift in Sources */ = {isa = PBXBuildFile; fileRef = CAB4604E2A1E653B00C0C5EC /* LocationView.swift */; };
		CAB460512A1E6A1E00C0C5EC /* TempView.swift in Sources */ = {isa = PBXBuildFile; fileRef = CAB460502A1E6A1E00C0C5EC /* TempView.swift */; };
		CAB460542A1E6C0100C0C5EC /* DescriptionWeatherView.swift in Sources */ = {isa = PBXBuildFile; fileRef = CAB460532A1E6C0100C0C5EC /* DescriptionWeatherView.swift */; };
		CAB460622A1E7AAC00C0C5EC /* ForecastPresenter.swift in Sources */ = {isa = PBXBuildFile; fileRef = CAB460572A1E7AAC00C0C5EC /* ForecastPresenter.swift */; };
		CAB460632A1E7AAC00C0C5EC /* ForecastAssembly.swift in Sources */ = {isa = PBXBuildFile; fileRef = CAB460592A1E7AAC00C0C5EC /* ForecastAssembly.swift */; };
		CAB460642A1E7AAC00C0C5EC /* ForecastRouter.swift in Sources */ = {isa = PBXBuildFile; fileRef = CAB4605B2A1E7AAC00C0C5EC /* ForecastRouter.swift */; };
		CAB460652A1E7AAC00C0C5EC /* ForecastViewController.swift in Sources */ = {isa = PBXBuildFile; fileRef = CAB4605D2A1E7AAC00C0C5EC /* ForecastViewController.swift */; };
		CAB4606A2A1E817000C0C5EC /* ForecastTableViewCell.swift in Sources */ = {isa = PBXBuildFile; fileRef = CAB460692A1E817000C0C5EC /* ForecastTableViewCell.swift */; };
		CAB4606C2A1E81C400C0C5EC /* WeatheModel.swift in Sources */ = {isa = PBXBuildFile; fileRef = CAB4606B2A1E81C400C0C5EC /* WeatheModel.swift */; };
		CAB4606E2A1E86EA00C0C5EC /* WeatherForecast.swift in Sources */ = {isa = PBXBuildFile; fileRef = CAB4606D2A1E86EA00C0C5EC /* WeatherForecast.swift */; };
		CAB460702A1E8E3800C0C5EC /* Extension+UITableView.swift in Sources */ = {isa = PBXBuildFile; fileRef = CAB4606F2A1E8E3800C0C5EC /* Extension+UITableView.swift */; };
		CAB460732A1E9B3900C0C5EC /* DataLouderService.swift in Sources */ = {isa = PBXBuildFile; fileRef = CAB460722A1E9B3900C0C5EC /* DataLouderService.swift */; };
		CAB460762A1E9B5F00C0C5EC /* DataStorage.swift in Sources */ = {isa = PBXBuildFile; fileRef = CAB460752A1E9B5F00C0C5EC /* DataStorage.swift */; };
		CAB460782A1E9BBA00C0C5EC /* NetworkService.swift in Sources */ = {isa = PBXBuildFile; fileRef = CAB460772A1E9BBA00C0C5EC /* NetworkService.swift */; };
		CAB4607A2A1E9BD600C0C5EC /* APIRouter.swift in Sources */ = {isa = PBXBuildFile; fileRef = CAB460792A1E9BD600C0C5EC /* APIRouter.swift */; };
		CAB4607C2A1E9C2800C0C5EC /* Constants.swift in Sources */ = {isa = PBXBuildFile; fileRef = CAB4607B2A1E9C2800C0C5EC /* Constants.swift */; };
		CAB4607E2A1EA40B00C0C5EC /* ErrorModel.swift in Sources */ = {isa = PBXBuildFile; fileRef = CAB4607D2A1EA40B00C0C5EC /* ErrorModel.swift */; };
		CAB460812A1EA65A00C0C5EC /* WeatherNetworkRouter.swift in Sources */ = {isa = PBXBuildFile; fileRef = CAB460802A1EA65A00C0C5EC /* WeatherNetworkRouter.swift */; };
		CAB460842A1EB1EC00C0C5EC /* LocationService.swift in Sources */ = {isa = PBXBuildFile; fileRef = CAB460832A1EB1EC00C0C5EC /* LocationService.swift */; };
		CAC2EAA32A1CE85B0065F27C /* AppDelegate.swift in Sources */ = {isa = PBXBuildFile; fileRef = CAC2EAA22A1CE85B0065F27C /* AppDelegate.swift */; };
		CAC2EAA72A1CE85B0065F27C /* MainViewController.swift in Sources */ = {isa = PBXBuildFile; fileRef = CAC2EAA62A1CE85B0065F27C /* MainViewController.swift */; };
		CAC2EAAD2A1CE85B0065F27C /* TheWeather.xcdatamodeld in Sources */ = {isa = PBXBuildFile; fileRef = CAC2EAAB2A1CE85B0065F27C /* TheWeather.xcdatamodeld */; };
		CAC2EAAF2A1CE85C0065F27C /* Assets.xcassets in Resources */ = {isa = PBXBuildFile; fileRef = CAC2EAAE2A1CE85C0065F27C /* Assets.xcassets */; };
		CAC2EAB22A1CE85C0065F27C /* LaunchScreen.storyboard in Resources */ = {isa = PBXBuildFile; fileRef = CAC2EAB02A1CE85C0065F27C /* LaunchScreen.storyboard */; };
		CAC2EAC82A1CEC330065F27C /* BaseViewController.swift in Sources */ = {isa = PBXBuildFile; fileRef = CAC2EAC72A1CEC330065F27C /* BaseViewController.swift */; };
		CAC2EACE2A1CED9A0065F27C /* MainAssembly.swift in Sources */ = {isa = PBXBuildFile; fileRef = CAC2EACD2A1CED9A0065F27C /* MainAssembly.swift */; };
		CAC2EAD32A1CEE690065F27C /* MainPresenter.swift in Sources */ = {isa = PBXBuildFile; fileRef = CAC2EAD22A1CEE690065F27C /* MainPresenter.swift */; };
		CAC2EADA2A1CFA870065F27C /* MainRouter.swift in Sources */ = {isa = PBXBuildFile; fileRef = CAC2EAD92A1CFA870065F27C /* MainRouter.swift */; };
		CAC2EADD2A1CFBB70065F27C /* AppRouter.swift in Sources */ = {isa = PBXBuildFile; fileRef = CAC2EADC2A1CFBB70065F27C /* AppRouter.swift */; };
		CAC2EADF2A1CFD360065F27C /* View.swift in Sources */ = {isa = PBXBuildFile; fileRef = CAC2EADE2A1CFD360065F27C /* View.swift */; };
		CACB25822A1F59E5003ACD30 /* Extension+NSError.swift in Sources */ = {isa = PBXBuildFile; fileRef = CACB25812A1F59E5003ACD30 /* Extension+NSError.swift */; };
		CACB25842A1F5DB2003ACD30 /* AppPresenter.swift in Sources */ = {isa = PBXBuildFile; fileRef = CACB25832A1F5DB2003ACD30 /* AppPresenter.swift */; };
		CACB25862A1FAB26003ACD30 /* Extension+String.swift in Sources */ = {isa = PBXBuildFile; fileRef = CACB25852A1FAB26003ACD30 /* Extension+String.swift */; };
		CACB25882A1FAB35003ACD30 /* Extension+Date.swift in Sources */ = {isa = PBXBuildFile; fileRef = CACB25872A1FAB35003ACD30 /* Extension+Date.swift */; };
/* End PBXBuildFile section */

/* Begin PBXFileReference section */
		097E5CA20C03CAA597D7306D /* Pods-TheWeather.release.xcconfig */ = {isa = PBXFileReference; includeInIndex = 1; lastKnownFileType = text.xcconfig; name = "Pods-TheWeather.release.xcconfig"; path = "Target Support Files/Pods-TheWeather/Pods-TheWeather.release.xcconfig"; sourceTree = "<group>"; };
		78A37744683861939B7085A3 /* Pods_TheWeather.framework */ = {isa = PBXFileReference; explicitFileType = wrapper.framework; includeInIndex = 0; path = Pods_TheWeather.framework; sourceTree = BUILT_PRODUCTS_DIR; };
		AB649329211C2ACAFFBDC474 /* Pods-TheWeather.debug.xcconfig */ = {isa = PBXFileReference; includeInIndex = 1; lastKnownFileType = text.xcconfig; name = "Pods-TheWeather.debug.xcconfig"; path = "Target Support Files/Pods-TheWeather/Pods-TheWeather.debug.xcconfig"; sourceTree = "<group>"; };
		CA6832182A1CFE8C002DE5C6 /* ModuleAssembley.swift */ = {isa = PBXFileReference; lastKnownFileType = sourcecode.swift; path = ModuleAssembley.swift; sourceTree = "<group>"; };
		CA68321A2A1CFF4A002DE5C6 /* Typealias.swift */ = {isa = PBXFileReference; lastKnownFileType = sourcecode.swift; path = Typealias.swift; sourceTree = "<group>"; };
		CA68321D2A1CFFE9002DE5C6 /* Extension+UIViewController.swift */ = {isa = PBXFileReference; lastKnownFileType = sourcecode.swift; path = "Extension+UIViewController.swift"; sourceTree = "<group>"; };
		CA68321F2A1D0549002DE5C6 /* Extension+UIApplication.swift */ = {isa = PBXFileReference; lastKnownFileType = sourcecode.swift; path = "Extension+UIApplication.swift"; sourceTree = "<group>"; };
		CA6832262A1D2806002DE5C6 /* LaunchScreenPresenter.swift */ = {isa = PBXFileReference; lastKnownFileType = sourcecode.swift; path = LaunchScreenPresenter.swift; sourceTree = "<group>"; };
		CA6832282A1D2816002DE5C6 /* LaunchScreenAssembly.swift */ = {isa = PBXFileReference; lastKnownFileType = sourcecode.swift; path = LaunchScreenAssembly.swift; sourceTree = "<group>"; };
		CA68322A2A1D2821002DE5C6 /* LaunchScreenView.swift */ = {isa = PBXFileReference; lastKnownFileType = sourcecode.swift; path = LaunchScreenView.swift; sourceTree = "<group>"; };
		CA68322D2A1D2B6C002DE5C6 /* LaunchScreenRouter.swift */ = {isa = PBXFileReference; lastKnownFileType = sourcecode.swift; path = LaunchScreenRouter.swift; sourceTree = "<group>"; };
		CA68322F2A1D2E07002DE5C6 /* Extension+UIView.swift */ = {isa = PBXFileReference; lastKnownFileType = sourcecode.swift; path = "Extension+UIView.swift"; sourceTree = "<group>"; };
		CA6832352A1D482D002DE5C6 /* TabBarViewController.swift */ = {isa = PBXFileReference; lastKnownFileType = sourcecode.swift; path = TabBarViewController.swift; sourceTree = "<group>"; };
		CA6832382A1D5487002DE5C6 /* CustomTabBar.swift */ = {isa = PBXFileReference; lastKnownFileType = sourcecode.swift; path = CustomTabBar.swift; sourceTree = "<group>"; };
		CA68323A2A1D57B1002DE5C6 /* TabbarModel.swift */ = {isa = PBXFileReference; lastKnownFileType = sourcecode.swift; path = TabbarModel.swift; sourceTree = "<group>"; };
		CA68323C2A1D58C7002DE5C6 /* TabbarItem.swift */ = {isa = PBXFileReference; lastKnownFileType = sourcecode.swift; path = TabbarItem.swift; sourceTree = "<group>"; };
		CA68323E2A1D5A24002DE5C6 /* Extension+UIColor.swift */ = {isa = PBXFileReference; lastKnownFileType = sourcecode.swift; path = "Extension+UIColor.swift"; sourceTree = "<group>"; };
		CA6832422A1D6252002DE5C6 /* Extension+UIImage.swift */ = {isa = PBXFileReference; lastKnownFileType = sourcecode.swift; path = "Extension+UIImage.swift"; sourceTree = "<group>"; };
		CA6832442A1D6718002DE5C6 /* BaseTabbarItem.swift */ = {isa = PBXFileReference; lastKnownFileType = sourcecode.swift; path = BaseTabbarItem.swift; sourceTree = "<group>"; };
		CA6832462A1D6BDC002DE5C6 /* Extension+UINavigationController.swift */ = {isa = PBXFileReference; lastKnownFileType = sourcecode.swift; path = "Extension+UINavigationController.swift"; sourceTree = "<group>"; };
		CA6832482A1D8237002DE5C6 /* TabBarAssembly.swift */ = {isa = PBXFileReference; lastKnownFileType = sourcecode.swift; path = TabBarAssembly.swift; sourceTree = "<group>"; };
		CAB460492A1E234A00C0C5EC /* CustomSearchInput.swift */ = {isa = PBXFileReference; lastKnownFileType = sourcecode.swift; path = CustomSearchInput.swift; sourceTree = "<group>"; };
		CAB4604B2A1E562E00C0C5EC /* WeatherDetail.swift */ = {isa = PBXFileReference; lastKnownFileType = sourcecode.swift; path = WeatherDetail.swift; sourceTree = "<group>"; };
		CAB4604E2A1E653B00C0C5EC /* LocationView.swift */ = {isa = PBXFileReference; lastKnownFileType = sourcecode.swift; path = LocationView.swift; sourceTree = "<group>"; };
		CAB460502A1E6A1E00C0C5EC /* TempView.swift */ = {isa = PBXFileReference; lastKnownFileType = sourcecode.swift; path = TempView.swift; sourceTree = "<group>"; };
		CAB460532A1E6C0100C0C5EC /* DescriptionWeatherView.swift */ = {isa = PBXFileReference; lastKnownFileType = sourcecode.swift; path = DescriptionWeatherView.swift; sourceTree = "<group>"; };
		CAB460572A1E7AAC00C0C5EC /* ForecastPresenter.swift */ = {isa = PBXFileReference; fileEncoding = 4; lastKnownFileType = sourcecode.swift; path = ForecastPresenter.swift; sourceTree = "<group>"; };
		CAB460592A1E7AAC00C0C5EC /* ForecastAssembly.swift */ = {isa = PBXFileReference; fileEncoding = 4; lastKnownFileType = sourcecode.swift; path = ForecastAssembly.swift; sourceTree = "<group>"; };
		CAB4605B2A1E7AAC00C0C5EC /* ForecastRouter.swift */ = {isa = PBXFileReference; fileEncoding = 4; lastKnownFileType = sourcecode.swift; path = ForecastRouter.swift; sourceTree = "<group>"; };
		CAB4605D2A1E7AAC00C0C5EC /* ForecastViewController.swift */ = {isa = PBXFileReference; fileEncoding = 4; lastKnownFileType = sourcecode.swift; path = ForecastViewController.swift; sourceTree = "<group>"; };
		CAB460692A1E817000C0C5EC /* ForecastTableViewCell.swift */ = {isa = PBXFileReference; lastKnownFileType = sourcecode.swift; path = ForecastTableViewCell.swift; sourceTree = "<group>"; };
		CAB4606B2A1E81C400C0C5EC /* WeatheModel.swift */ = {isa = PBXFileReference; lastKnownFileType = sourcecode.swift; path = WeatheModel.swift; sourceTree = "<group>"; };
		CAB4606D2A1E86EA00C0C5EC /* WeatherForecast.swift */ = {isa = PBXFileReference; lastKnownFileType = sourcecode.swift; path = WeatherForecast.swift; sourceTree = "<group>"; };
		CAB4606F2A1E8E3800C0C5EC /* Extension+UITableView.swift */ = {isa = PBXFileReference; lastKnownFileType = sourcecode.swift; path = "Extension+UITableView.swift"; sourceTree = "<group>"; };
		CAB460722A1E9B3900C0C5EC /* DataLouderService.swift */ = {isa = PBXFileReference; lastKnownFileType = sourcecode.swift; path = DataLouderService.swift; sourceTree = "<group>"; };
		CAB460752A1E9B5F00C0C5EC /* DataStorage.swift */ = {isa = PBXFileReference; lastKnownFileType = sourcecode.swift; path = DataStorage.swift; sourceTree = "<group>"; };
		CAB460772A1E9BBA00C0C5EC /* NetworkService.swift */ = {isa = PBXFileReference; lastKnownFileType = sourcecode.swift; path = NetworkService.swift; sourceTree = "<group>"; };
		CAB460792A1E9BD600C0C5EC /* APIRouter.swift */ = {isa = PBXFileReference; lastKnownFileType = sourcecode.swift; path = APIRouter.swift; sourceTree = "<group>"; };
		CAB4607B2A1E9C2800C0C5EC /* Constants.swift */ = {isa = PBXFileReference; lastKnownFileType = sourcecode.swift; path = Constants.swift; sourceTree = "<group>"; };
		CAB4607D2A1EA40B00C0C5EC /* ErrorModel.swift */ = {isa = PBXFileReference; lastKnownFileType = sourcecode.swift; path = ErrorModel.swift; sourceTree = "<group>"; };
		CAB460802A1EA65A00C0C5EC /* WeatherNetworkRouter.swift */ = {isa = PBXFileReference; lastKnownFileType = sourcecode.swift; path = WeatherNetworkRouter.swift; sourceTree = "<group>"; };
		CAB460832A1EB1EC00C0C5EC /* LocationService.swift */ = {isa = PBXFileReference; lastKnownFileType = sourcecode.swift; path = LocationService.swift; sourceTree = "<group>"; };
		CAC2EA9F2A1CE85B0065F27C /* TheWeather.app */ = {isa = PBXFileReference; explicitFileType = wrapper.application; includeInIndex = 0; path = TheWeather.app; sourceTree = BUILT_PRODUCTS_DIR; };
		CAC2EAA22A1CE85B0065F27C /* AppDelegate.swift */ = {isa = PBXFileReference; lastKnownFileType = sourcecode.swift; path = AppDelegate.swift; sourceTree = "<group>"; };
		CAC2EAA62A1CE85B0065F27C /* MainViewController.swift */ = {isa = PBXFileReference; lastKnownFileType = sourcecode.swift; path = MainViewController.swift; sourceTree = "<group>"; };
		CAC2EAAC2A1CE85B0065F27C /* TheWeather.xcdatamodel */ = {isa = PBXFileReference; lastKnownFileType = wrapper.xcdatamodel; path = TheWeather.xcdatamodel; sourceTree = "<group>"; };
		CAC2EAAE2A1CE85C0065F27C /* Assets.xcassets */ = {isa = PBXFileReference; lastKnownFileType = folder.assetcatalog; path = Assets.xcassets; sourceTree = "<group>"; };
		CAC2EAB12A1CE85C0065F27C /* Base */ = {isa = PBXFileReference; lastKnownFileType = file.storyboard; name = Base; path = Base.lproj/LaunchScreen.storyboard; sourceTree = "<group>"; };
		CAC2EAB32A1CE85C0065F27C /* Info.plist */ = {isa = PBXFileReference; lastKnownFileType = text.plist.xml; path = Info.plist; sourceTree = "<group>"; };
		CAC2EAC72A1CEC330065F27C /* BaseViewController.swift */ = {isa = PBXFileReference; lastKnownFileType = sourcecode.swift; path = BaseViewController.swift; sourceTree = "<group>"; };
		CAC2EACD2A1CED9A0065F27C /* MainAssembly.swift */ = {isa = PBXFileReference; lastKnownFileType = sourcecode.swift; path = MainAssembly.swift; sourceTree = "<group>"; };
		CAC2EAD22A1CEE690065F27C /* MainPresenter.swift */ = {isa = PBXFileReference; lastKnownFileType = sourcecode.swift; path = MainPresenter.swift; sourceTree = "<group>"; };
		CAC2EAD92A1CFA870065F27C /* MainRouter.swift */ = {isa = PBXFileReference; lastKnownFileType = sourcecode.swift; path = MainRouter.swift; sourceTree = "<group>"; };
		CAC2EADC2A1CFBB70065F27C /* AppRouter.swift */ = {isa = PBXFileReference; lastKnownFileType = sourcecode.swift; path = AppRouter.swift; sourceTree = "<group>"; };
		CAC2EADE2A1CFD360065F27C /* View.swift */ = {isa = PBXFileReference; lastKnownFileType = sourcecode.swift; path = View.swift; sourceTree = "<group>"; };
		CACB25812A1F59E5003ACD30 /* Extension+NSError.swift */ = {isa = PBXFileReference; lastKnownFileType = sourcecode.swift; path = "Extension+NSError.swift"; sourceTree = "<group>"; };
		CACB25832A1F5DB2003ACD30 /* AppPresenter.swift */ = {isa = PBXFileReference; lastKnownFileType = sourcecode.swift; path = AppPresenter.swift; sourceTree = "<group>"; };
		CACB25852A1FAB26003ACD30 /* Extension+String.swift */ = {isa = PBXFileReference; lastKnownFileType = sourcecode.swift; path = "Extension+String.swift"; sourceTree = "<group>"; };
		CACB25872A1FAB35003ACD30 /* Extension+Date.swift */ = {isa = PBXFileReference; lastKnownFileType = sourcecode.swift; path = "Extension+Date.swift"; sourceTree = "<group>"; };
/* End PBXFileReference section */

/* Begin PBXFrameworksBuildPhase section */
		CAC2EA9C2A1CE85B0065F27C /* Frameworks */ = {
			isa = PBXFrameworksBuildPhase;
			buildActionMask = 2147483647;
			files = (
				A1632BCEDB7AE0F716825325 /* Pods_TheWeather.framework in Frameworks */,
			);
			runOnlyForDeploymentPostprocessing = 0;
		};
/* End PBXFrameworksBuildPhase section */

/* Begin PBXGroup section */
		1684B5F5EE66D83C8F20F57D /* Pods */ = {
			isa = PBXGroup;
			children = (
				AB649329211C2ACAFFBDC474 /* Pods-TheWeather.debug.xcconfig */,
				097E5CA20C03CAA597D7306D /* Pods-TheWeather.release.xcconfig */,
			);
			path = Pods;
			sourceTree = "<group>";
		};
		7FB01E8569FB8FA157191559 /* Frameworks */ = {
			isa = PBXGroup;
			children = (
				78A37744683861939B7085A3 /* Pods_TheWeather.framework */,
			);
			name = Frameworks;
			sourceTree = "<group>";
		};
		CA68321C2A1CFFBE002DE5C6 /* Extesions */ = {
			isa = PBXGroup;
			children = (
				CA68321D2A1CFFE9002DE5C6 /* Extension+UIViewController.swift */,
				CA68321F2A1D0549002DE5C6 /* Extension+UIApplication.swift */,
				CA68322F2A1D2E07002DE5C6 /* Extension+UIView.swift */,
				CA68323E2A1D5A24002DE5C6 /* Extension+UIColor.swift */,
				CA6832422A1D6252002DE5C6 /* Extension+UIImage.swift */,
				CA6832462A1D6BDC002DE5C6 /* Extension+UINavigationController.swift */,
				CAB4606F2A1E8E3800C0C5EC /* Extension+UITableView.swift */,
				CACB25812A1F59E5003ACD30 /* Extension+NSError.swift */,
				CACB25852A1FAB26003ACD30 /* Extension+String.swift */,
				CACB25872A1FAB35003ACD30 /* Extension+Date.swift */,
			);
			path = Extesions;
			sourceTree = "<group>";
		};
		CA6832252A1D27E5002DE5C6 /* LaunchScreenPresenter */ = {
			isa = PBXGroup;
			children = (
				CA6832262A1D2806002DE5C6 /* LaunchScreenPresenter.swift */,
			);
			path = LaunchScreenPresenter;
			sourceTree = "<group>";
		};
		CA68322C2A1D2B0C002DE5C6 /* LaunchScreenRouter */ = {
			isa = PBXGroup;
			children = (
				CA68322D2A1D2B6C002DE5C6 /* LaunchScreenRouter.swift */,
			);
			path = LaunchScreenRouter;
			sourceTree = "<group>";
		};
		CA6832312A1D46DA002DE5C6 /* TabBarView */ = {
			isa = PBXGroup;
			children = (
				CA6832372A1D546F002DE5C6 /* SubViews */,
				CA6832352A1D482D002DE5C6 /* TabBarViewController.swift */,
			);
			path = TabBarView;
			sourceTree = "<group>";
		};
		CA6832322A1D46E2002DE5C6 /* TabBarPresenter */ = {
			isa = PBXGroup;
			children = (
			);
			path = TabBarPresenter;
			sourceTree = "<group>";
		};
		CA6832332A1D46F2002DE5C6 /* TabBarAssembly */ = {
			isa = PBXGroup;
			children = (
				CA6832482A1D8237002DE5C6 /* TabBarAssembly.swift */,
			);
			path = TabBarAssembly;
			sourceTree = "<group>";
		};
		CA6832342A1D4703002DE5C6 /* TabBarRouter */ = {
			isa = PBXGroup;
			children = (
			);
			path = TabBarRouter;
			sourceTree = "<group>";
		};
		CA6832372A1D546F002DE5C6 /* SubViews */ = {
			isa = PBXGroup;
			children = (
				CA6832382A1D5487002DE5C6 /* CustomTabBar.swift */,
				CA68323C2A1D58C7002DE5C6 /* TabbarItem.swift */,
				CA6832442A1D6718002DE5C6 /* BaseTabbarItem.swift */,
			);
			path = SubViews;
			sourceTree = "<group>";
		};
		CAB460482A1E231B00C0C5EC /* Views */ = {
			isa = PBXGroup;
			children = (
				CAB460492A1E234A00C0C5EC /* CustomSearchInput.swift */,
			);
			path = Views;
			sourceTree = "<group>";
		};
		CAB4604D2A1E650A00C0C5EC /* SubViews */ = {
			isa = PBXGroup;
			children = (
				CAB4604E2A1E653B00C0C5EC /* LocationView.swift */,
				CAB460502A1E6A1E00C0C5EC /* TempView.swift */,
				CAB460532A1E6C0100C0C5EC /* DescriptionWeatherView.swift */,
			);
			path = SubViews;
			sourceTree = "<group>";
		};
		CAB460552A1E7AAC00C0C5EC /* ForecastViewModule */ = {
			isa = PBXGroup;
			children = (
				CAB460562A1E7AAC00C0C5EC /* ForecastPresenter */,
				CAB460582A1E7AAC00C0C5EC /* ForecastAssembly */,
				CAB4605A2A1E7AAC00C0C5EC /* ForecastRouter */,
				CAB4605C2A1E7AAC00C0C5EC /* ForecastView */,
			);
			path = ForecastViewModule;
			sourceTree = "<group>";
		};
		CAB460562A1E7AAC00C0C5EC /* ForecastPresenter */ = {
			isa = PBXGroup;
			children = (
				CAB460572A1E7AAC00C0C5EC /* ForecastPresenter.swift */,
			);
			path = ForecastPresenter;
			sourceTree = "<group>";
		};
		CAB460582A1E7AAC00C0C5EC /* ForecastAssembly */ = {
			isa = PBXGroup;
			children = (
				CAB460592A1E7AAC00C0C5EC /* ForecastAssembly.swift */,
			);
			path = ForecastAssembly;
			sourceTree = "<group>";
		};
		CAB4605A2A1E7AAC00C0C5EC /* ForecastRouter */ = {
			isa = PBXGroup;
			children = (
				CAB4605B2A1E7AAC00C0C5EC /* ForecastRouter.swift */,
			);
			path = ForecastRouter;
			sourceTree = "<group>";
		};
		CAB4605C2A1E7AAC00C0C5EC /* ForecastView */ = {
			isa = PBXGroup;
			children = (
				CAB4605D2A1E7AAC00C0C5EC /* ForecastViewController.swift */,
				CAB4605E2A1E7AAC00C0C5EC /* SubViews */,
			);
			path = ForecastView;
			sourceTree = "<group>";
		};
		CAB4605E2A1E7AAC00C0C5EC /* SubViews */ = {
			isa = PBXGroup;
			children = (
				CAB460692A1E817000C0C5EC /* ForecastTableViewCell.swift */,
			);
			path = SubViews;
			sourceTree = "<group>";
		};
		CAB460712A1E9B1B00C0C5EC /* DataLouderService */ = {
			isa = PBXGroup;
			children = (
				CAB460722A1E9B3900C0C5EC /* DataLouderService.swift */,
			);
			path = DataLouderService;
			sourceTree = "<group>";
		};
		CAB460742A1E9B4900C0C5EC /* DataStorage */ = {
			isa = PBXGroup;
			children = (
				CAB460752A1E9B5F00C0C5EC /* DataStorage.swift */,
			);
			path = DataStorage;
			sourceTree = "<group>";
		};
		CAB4607F2A1EA63F00C0C5EC /* NetworkRouter */ = {
			isa = PBXGroup;
			children = (
				CAB460802A1EA65A00C0C5EC /* WeatherNetworkRouter.swift */,
			);
			path = NetworkRouter;
			sourceTree = "<group>";
		};
		CAB460822A1EB1D700C0C5EC /* LocationService */ = {
			isa = PBXGroup;
			children = (
				CAB460832A1EB1EC00C0C5EC /* LocationService.swift */,
			);
			path = LocationService;
			sourceTree = "<group>";
		};
		CAC2EA962A1CE85B0065F27C = {
			isa = PBXGroup;
			children = (
				CAC2EAA12A1CE85B0065F27C /* TheWeather */,
				CAC2EAA02A1CE85B0065F27C /* Products */,
				1684B5F5EE66D83C8F20F57D /* Pods */,
				7FB01E8569FB8FA157191559 /* Frameworks */,
			);
			sourceTree = "<group>";
		};
		CAC2EAA02A1CE85B0065F27C /* Products */ = {
			isa = PBXGroup;
			children = (
				CAC2EA9F2A1CE85B0065F27C /* TheWeather.app */,
			);
			name = Products;
			sourceTree = "<group>";
		};
		CAC2EAA12A1CE85B0065F27C /* TheWeather */ = {
			isa = PBXGroup;
			children = (
				CAC2EABC2A1CE8C10065F27C /* Application */,
				CAB460482A1E231B00C0C5EC /* Views */,
				CAC2EABB2A1CE8B40065F27C /* Services */,
				CA68321C2A1CFFBE002DE5C6 /* Extesions */,
				CAC2EAC92A1CED360065F27C /* Protocols */,
				CAC2EAC62A1CEC140065F27C /* Controllers */,
				CAC2EABD2A1CE8E40065F27C /* Storyboards */,
				CAC2EABA2A1CE8AD0065F27C /* Models */,
				CAC2EAB92A1CE89C0065F27C /* Modules */,
			);
			path = TheWeather;
			sourceTree = "<group>";
		};
		CAC2EAB92A1CE89C0065F27C /* Modules */ = {
			isa = PBXGroup;
			children = (
				CAC2EAC02A1CEA1D0065F27C /* MainViewModule */,
				CAB460552A1E7AAC00C0C5EC /* ForecastViewModule */,
				CAC2EACF2A1CEDD80065F27C /* LaunchScreen */,
				CAC2EABF2A1CEA0D0065F27C /* TabBarModule */,
			);
			path = Modules;
			sourceTree = "<group>";
		};
		CAC2EABA2A1CE8AD0065F27C /* Models */ = {
			isa = PBXGroup;
			children = (
				CA68321A2A1CFF4A002DE5C6 /* Typealias.swift */,
				CA68323A2A1D57B1002DE5C6 /* TabbarModel.swift */,
				CAB4604B2A1E562E00C0C5EC /* WeatherDetail.swift */,
				CAB4606B2A1E81C400C0C5EC /* WeatheModel.swift */,
				CAB4606D2A1E86EA00C0C5EC /* WeatherForecast.swift */,
				CAB4607D2A1EA40B00C0C5EC /* ErrorModel.swift */,
			);
			path = Models;
			sourceTree = "<group>";
		};
		CAC2EABB2A1CE8B40065F27C /* Services */ = {
			isa = PBXGroup;
			children = (
				CAB460822A1EB1D700C0C5EC /* LocationService */,
				CAB460742A1E9B4900C0C5EC /* DataStorage */,
				CAB460712A1E9B1B00C0C5EC /* DataLouderService */,
				CAC2EADB2A1CFBA10065F27C /* AppRouter */,
				CAC2EABE2A1CE9ED0065F27C /* NetworkService */,
				CAB4607B2A1E9C2800C0C5EC /* Constants.swift */,
			);
			path = Services;
			sourceTree = "<group>";
		};
		CAC2EABC2A1CE8C10065F27C /* Application */ = {
			isa = PBXGroup;
			children = (
				CAC2EAB32A1CE85C0065F27C /* Info.plist */,
				CAC2EAA22A1CE85B0065F27C /* AppDelegate.swift */,
				CAC2EAAE2A1CE85C0065F27C /* Assets.xcassets */,
				CAC2EAAB2A1CE85B0065F27C /* TheWeather.xcdatamodeld */,
				CACB25832A1F5DB2003ACD30 /* AppPresenter.swift */,
			);
			path = Application;
			sourceTree = "<group>";
		};
		CAC2EABD2A1CE8E40065F27C /* Storyboards */ = {
			isa = PBXGroup;
			children = (
				CAC2EAB02A1CE85C0065F27C /* LaunchScreen.storyboard */,
			);
			path = Storyboards;
			sourceTree = "<group>";
		};
		CAC2EABE2A1CE9ED0065F27C /* NetworkService */ = {
			isa = PBXGroup;
			children = (
				CAB4607F2A1EA63F00C0C5EC /* NetworkRouter */,
				CAB460772A1E9BBA00C0C5EC /* NetworkService.swift */,
				CAB460792A1E9BD600C0C5EC /* APIRouter.swift */,
			);
			path = NetworkService;
			sourceTree = "<group>";
		};
		CAC2EABF2A1CEA0D0065F27C /* TabBarModule */ = {
			isa = PBXGroup;
			children = (
				CA6832342A1D4703002DE5C6 /* TabBarRouter */,
				CA6832332A1D46F2002DE5C6 /* TabBarAssembly */,
				CA6832322A1D46E2002DE5C6 /* TabBarPresenter */,
				CA6832312A1D46DA002DE5C6 /* TabBarView */,
			);
			path = TabBarModule;
			sourceTree = "<group>";
		};
		CAC2EAC02A1CEA1D0065F27C /* MainViewModule */ = {
			isa = PBXGroup;
			children = (
				CAC2EAD82A1CFA710065F27C /* MainRouter */,
				CAC2EACC2A1CED7E0065F27C /* MainAssembly */,
				CAC2EAC22A1CEA3F0065F27C /* MainPresenter */,
				CAC2EAC12A1CEA360065F27C /* MainView */,
			);
			path = MainViewModule;
			sourceTree = "<group>";
		};
		CAC2EAC12A1CEA360065F27C /* MainView */ = {
			isa = PBXGroup;
			children = (
				CAB4604D2A1E650A00C0C5EC /* SubViews */,
				CAC2EAA62A1CE85B0065F27C /* MainViewController.swift */,
			);
			path = MainView;
			sourceTree = "<group>";
		};
		CAC2EAC22A1CEA3F0065F27C /* MainPresenter */ = {
			isa = PBXGroup;
			children = (
				CAC2EAD22A1CEE690065F27C /* MainPresenter.swift */,
			);
			path = MainPresenter;
			sourceTree = "<group>";
		};
		CAC2EAC62A1CEC140065F27C /* Controllers */ = {
			isa = PBXGroup;
			children = (
				CAC2EAC72A1CEC330065F27C /* BaseViewController.swift */,
			);
			path = Controllers;
			sourceTree = "<group>";
		};
		CAC2EAC92A1CED360065F27C /* Protocols */ = {
			isa = PBXGroup;
			children = (
				CAC2EADE2A1CFD360065F27C /* View.swift */,
				CA6832182A1CFE8C002DE5C6 /* ModuleAssembley.swift */,
			);
			path = Protocols;
			sourceTree = "<group>";
		};
		CAC2EACC2A1CED7E0065F27C /* MainAssembly */ = {
			isa = PBXGroup;
			children = (
				CAC2EACD2A1CED9A0065F27C /* MainAssembly.swift */,
			);
			path = MainAssembly;
			sourceTree = "<group>";
		};
		CAC2EACF2A1CEDD80065F27C /* LaunchScreen */ = {
			isa = PBXGroup;
			children = (
				CA68322C2A1D2B0C002DE5C6 /* LaunchScreenRouter */,
				CA6832252A1D27E5002DE5C6 /* LaunchScreenPresenter */,
				CAC2EAD12A1CEE000065F27C /* LaunchScreenAssembly */,
				CAC2EAD02A1CEDF20065F27C /* LaunchScreenView */,
			);
			path = LaunchScreen;
			sourceTree = "<group>";
		};
		CAC2EAD02A1CEDF20065F27C /* LaunchScreenView */ = {
			isa = PBXGroup;
			children = (
				CA68322A2A1D2821002DE5C6 /* LaunchScreenView.swift */,
			);
			path = LaunchScreenView;
			sourceTree = "<group>";
		};
		CAC2EAD12A1CEE000065F27C /* LaunchScreenAssembly */ = {
			isa = PBXGroup;
			children = (
				CA6832282A1D2816002DE5C6 /* LaunchScreenAssembly.swift */,
			);
			path = LaunchScreenAssembly;
			sourceTree = "<group>";
		};
		CAC2EAD82A1CFA710065F27C /* MainRouter */ = {
			isa = PBXGroup;
			children = (
				CAC2EAD92A1CFA870065F27C /* MainRouter.swift */,
			);
			path = MainRouter;
			sourceTree = "<group>";
		};
		CAC2EADB2A1CFBA10065F27C /* AppRouter */ = {
			isa = PBXGroup;
			children = (
				CAC2EADC2A1CFBB70065F27C /* AppRouter.swift */,
			);
			path = AppRouter;
			sourceTree = "<group>";
		};
/* End PBXGroup section */

/* Begin PBXNativeTarget section */
		CAC2EA9E2A1CE85B0065F27C /* TheWeather */ = {
			isa = PBXNativeTarget;
			buildConfigurationList = CAC2EAB62A1CE85C0065F27C /* Build configuration list for PBXNativeTarget "TheWeather" */;
			buildPhases = (
				D54C36CC585C25761088BFF9 /* [CP] Check Pods Manifest.lock */,
				CAC2EA9B2A1CE85B0065F27C /* Sources */,
				CAC2EA9C2A1CE85B0065F27C /* Frameworks */,
				CAC2EA9D2A1CE85B0065F27C /* Resources */,
				3DCF56F4B7D883E1EB96969A /* [CP] Embed Pods Frameworks */,
			);
			buildRules = (
			);
			dependencies = (
			);
			name = TheWeather;
			productName = TheWeather;
			productReference = CAC2EA9F2A1CE85B0065F27C /* TheWeather.app */;
			productType = "com.apple.product-type.application";
		};
/* End PBXNativeTarget section */

/* Begin PBXProject section */
		CAC2EA972A1CE85B0065F27C /* Project object */ = {
			isa = PBXProject;
			attributes = {
				BuildIndependentTargetsInParallel = 1;
				LastSwiftUpdateCheck = 1420;
				LastUpgradeCheck = 1420;
				TargetAttributes = {
					CAC2EA9E2A1CE85B0065F27C = {
						CreatedOnToolsVersion = 14.2;
					};
				};
			};
			buildConfigurationList = CAC2EA9A2A1CE85B0065F27C /* Build configuration list for PBXProject "TheWeather" */;
			compatibilityVersion = "Xcode 14.0";
			developmentRegion = en;
			hasScannedForEncodings = 0;
			knownRegions = (
				en,
				Base,
			);
			mainGroup = CAC2EA962A1CE85B0065F27C;
			productRefGroup = CAC2EAA02A1CE85B0065F27C /* Products */;
			projectDirPath = "";
			projectRoot = "";
			targets = (
				CAC2EA9E2A1CE85B0065F27C /* TheWeather */,
			);
		};
/* End PBXProject section */

/* Begin PBXResourcesBuildPhase section */
		CAC2EA9D2A1CE85B0065F27C /* Resources */ = {
			isa = PBXResourcesBuildPhase;
			buildActionMask = 2147483647;
			files = (
				CAC2EAB22A1CE85C0065F27C /* LaunchScreen.storyboard in Resources */,
				CAC2EAAF2A1CE85C0065F27C /* Assets.xcassets in Resources */,
			);
			runOnlyForDeploymentPostprocessing = 0;
		};
/* End PBXResourcesBuildPhase section */

/* Begin PBXShellScriptBuildPhase section */
		3DCF56F4B7D883E1EB96969A /* [CP] Embed Pods Frameworks */ = {
			isa = PBXShellScriptBuildPhase;
			buildActionMask = 2147483647;
			files = (
			);
			inputFileListPaths = (
				"${PODS_ROOT}/Target Support Files/Pods-TheWeather/Pods-TheWeather-frameworks-${CONFIGURATION}-input-files.xcfilelist",
			);
			name = "[CP] Embed Pods Frameworks";
			outputFileListPaths = (
				"${PODS_ROOT}/Target Support Files/Pods-TheWeather/Pods-TheWeather-frameworks-${CONFIGURATION}-output-files.xcfilelist",
			);
			runOnlyForDeploymentPostprocessing = 0;
			shellPath = /bin/sh;
			shellScript = "\"${PODS_ROOT}/Target Support Files/Pods-TheWeather/Pods-TheWeather-frameworks.sh\"\n";
			showEnvVarsInLog = 0;
		};
		D54C36CC585C25761088BFF9 /* [CP] Check Pods Manifest.lock */ = {
			isa = PBXShellScriptBuildPhase;
			buildActionMask = 2147483647;
			files = (
			);
			inputFileListPaths = (
			);
			inputPaths = (
				"${PODS_PODFILE_DIR_PATH}/Podfile.lock",
				"${PODS_ROOT}/Manifest.lock",
			);
			name = "[CP] Check Pods Manifest.lock";
			outputFileListPaths = (
			);
			outputPaths = (
				"$(DERIVED_FILE_DIR)/Pods-TheWeather-checkManifestLockResult.txt",
			);
			runOnlyForDeploymentPostprocessing = 0;
			shellPath = /bin/sh;
			shellScript = "diff \"${PODS_PODFILE_DIR_PATH}/Podfile.lock\" \"${PODS_ROOT}/Manifest.lock\" > /dev/null\nif [ $? != 0 ] ; then\n    # print error to STDERR\n    echo \"error: The sandbox is not in sync with the Podfile.lock. Run 'pod install' or update your CocoaPods installation.\" >&2\n    exit 1\nfi\n# This output is used by Xcode 'outputs' to avoid re-running this script phase.\necho \"SUCCESS\" > \"${SCRIPT_OUTPUT_FILE_0}\"\n";
			showEnvVarsInLog = 0;
		};
/* End PBXShellScriptBuildPhase section */

/* Begin PBXSourcesBuildPhase section */
		CAC2EA9B2A1CE85B0065F27C /* Sources */ = {
			isa = PBXSourcesBuildPhase;
			buildActionMask = 2147483647;
			files = (
				CAC2EAC82A1CEC330065F27C /* BaseViewController.swift in Sources */,
				CA6832192A1CFE8C002DE5C6 /* ModuleAssembley.swift in Sources */,
				CAB460732A1E9B3900C0C5EC /* DataLouderService.swift in Sources */,
				CA6832202A1D0549002DE5C6 /* Extension+UIApplication.swift in Sources */,
				CAB460782A1E9BBA00C0C5EC /* NetworkService.swift in Sources */,
				CA68322E2A1D2B6C002DE5C6 /* LaunchScreenRouter.swift in Sources */,
				CAC2EADA2A1CFA870065F27C /* MainRouter.swift in Sources */,
				CA6832432A1D6252002DE5C6 /* Extension+UIImage.swift in Sources */,
				CAB4607E2A1EA40B00C0C5EC /* ErrorModel.swift in Sources */,
				CAB460812A1EA65A00C0C5EC /* WeatherNetworkRouter.swift in Sources */,
				CAB460842A1EB1EC00C0C5EC /* LocationService.swift in Sources */,
				CAB460542A1E6C0100C0C5EC /* DescriptionWeatherView.swift in Sources */,
				CA6832292A1D2816002DE5C6 /* LaunchScreenAssembly.swift in Sources */,
				CAB4604F2A1E653B00C0C5EC /* LocationView.swift in Sources */,
				CA6832362A1D482D002DE5C6 /* TabBarViewController.swift in Sources */,
				CAC2EAAD2A1CE85B0065F27C /* TheWeather.xcdatamodeld in Sources */,
				CA6832272A1D2806002DE5C6 /* LaunchScreenPresenter.swift in Sources */,
				CAB4604C2A1E562E00C0C5EC /* WeatherDetail.swift in Sources */,
				CA6832302A1D2E07002DE5C6 /* Extension+UIView.swift in Sources */,
				CA68323B2A1D57B1002DE5C6 /* TabbarModel.swift in Sources */,
				CACB25862A1FAB26003ACD30 /* Extension+String.swift in Sources */,
				CAB4606A2A1E817000C0C5EC /* ForecastTableViewCell.swift in Sources */,
				CAB460652A1E7AAC00C0C5EC /* ForecastViewController.swift in Sources */,
				CAB460642A1E7AAC00C0C5EC /* ForecastRouter.swift in Sources */,
				CA68322B2A1D2821002DE5C6 /* LaunchScreenView.swift in Sources */,
				CACB25882A1FAB35003ACD30 /* Extension+Date.swift in Sources */,
				CAC2EACE2A1CED9A0065F27C /* MainAssembly.swift in Sources */,
				CA68321B2A1CFF4A002DE5C6 /* Typealias.swift in Sources */,
				CACB25842A1F5DB2003ACD30 /* AppPresenter.swift in Sources */,
				CA68323F2A1D5A24002DE5C6 /* Extension+UIColor.swift in Sources */,
				CAB460622A1E7AAC00C0C5EC /* ForecastPresenter.swift in Sources */,
				CA68323D2A1D58C7002DE5C6 /* TabbarItem.swift in Sources */,
				CACB25822A1F59E5003ACD30 /* Extension+NSError.swift in Sources */,
				CAC2EADD2A1CFBB70065F27C /* AppRouter.swift in Sources */,
				CA6832452A1D6718002DE5C6 /* BaseTabbarItem.swift in Sources */,
				CA6832492A1D8237002DE5C6 /* TabBarAssembly.swift in Sources */,
				CAB4607A2A1E9BD600C0C5EC /* APIRouter.swift in Sources */,
				CAC2EADF2A1CFD360065F27C /* View.swift in Sources */,
				CA68321E2A1CFFE9002DE5C6 /* Extension+UIViewController.swift in Sources */,
				CA6832392A1D5487002DE5C6 /* CustomTabBar.swift in Sources */,
				CAB4604A2A1E234A00C0C5EC /* CustomSearchInput.swift in Sources */,
				CAB460702A1E8E3800C0C5EC /* Extension+UITableView.swift in Sources */,
				CAB4607C2A1E9C2800C0C5EC /* Constants.swift in Sources */,
				CAB460762A1E9B5F00C0C5EC /* DataStorage.swift in Sources */,
				CAB460632A1E7AAC00C0C5EC /* ForecastAssembly.swift in Sources */,
				CAC2EAD32A1CEE690065F27C /* MainPresenter.swift in Sources */,
				CAB4606E2A1E86EA00C0C5EC /* WeatherForecast.swift in Sources */,
				CAB460512A1E6A1E00C0C5EC /* TempView.swift in Sources */,
				CAB4606C2A1E81C400C0C5EC /* WeatheModel.swift in Sources */,
				CA6832472A1D6BDC002DE5C6 /* Extension+UINavigationController.swift in Sources */,
				CAC2EAA72A1CE85B0065F27C /* MainViewController.swift in Sources */,
				CAC2EAA32A1CE85B0065F27C /* AppDelegate.swift in Sources */,
			);
			runOnlyForDeploymentPostprocessing = 0;
		};
/* End PBXSourcesBuildPhase section */

/* Begin PBXVariantGroup section */
		CAC2EAB02A1CE85C0065F27C /* LaunchScreen.storyboard */ = {
			isa = PBXVariantGroup;
			children = (
				CAC2EAB12A1CE85C0065F27C /* Base */,
			);
			name = LaunchScreen.storyboard;
			sourceTree = "<group>";
		};
/* End PBXVariantGroup section */

/* Begin XCBuildConfiguration section */
		CAC2EAB42A1CE85C0065F27C /* Debug */ = {
			isa = XCBuildConfiguration;
			buildSettings = {
				ALWAYS_SEARCH_USER_PATHS = NO;
				CLANG_ANALYZER_NONNULL = YES;
				CLANG_ANALYZER_NUMBER_OBJECT_CONVERSION = YES_AGGRESSIVE;
				CLANG_CXX_LANGUAGE_STANDARD = "gnu++20";
				CLANG_ENABLE_MODULES = YES;
				CLANG_ENABLE_OBJC_ARC = YES;
				CLANG_ENABLE_OBJC_WEAK = YES;
				CLANG_WARN_BLOCK_CAPTURE_AUTORELEASING = YES;
				CLANG_WARN_BOOL_CONVERSION = YES;
				CLANG_WARN_COMMA = YES;
				CLANG_WARN_CONSTANT_CONVERSION = YES;
				CLANG_WARN_DEPRECATED_OBJC_IMPLEMENTATIONS = YES;
				CLANG_WARN_DIRECT_OBJC_ISA_USAGE = YES_ERROR;
				CLANG_WARN_DOCUMENTATION_COMMENTS = YES;
				CLANG_WARN_EMPTY_BODY = YES;
				CLANG_WARN_ENUM_CONVERSION = YES;
				CLANG_WARN_INFINITE_RECURSION = YES;
				CLANG_WARN_INT_CONVERSION = YES;
				CLANG_WARN_NON_LITERAL_NULL_CONVERSION = YES;
				CLANG_WARN_OBJC_IMPLICIT_RETAIN_SELF = YES;
				CLANG_WARN_OBJC_LITERAL_CONVERSION = YES;
				CLANG_WARN_OBJC_ROOT_CLASS = YES_ERROR;
				CLANG_WARN_QUOTED_INCLUDE_IN_FRAMEWORK_HEADER = YES;
				CLANG_WARN_RANGE_LOOP_ANALYSIS = YES;
				CLANG_WARN_STRICT_PROTOTYPES = YES;
				CLANG_WARN_SUSPICIOUS_MOVE = YES;
				CLANG_WARN_UNGUARDED_AVAILABILITY = YES_AGGRESSIVE;
				CLANG_WARN_UNREACHABLE_CODE = YES;
				CLANG_WARN__DUPLICATE_METHOD_MATCH = YES;
				COPY_PHASE_STRIP = NO;
				DEBUG_INFORMATION_FORMAT = dwarf;
				ENABLE_STRICT_OBJC_MSGSEND = YES;
				ENABLE_TESTABILITY = YES;
				GCC_C_LANGUAGE_STANDARD = gnu11;
				GCC_DYNAMIC_NO_PIC = NO;
				GCC_NO_COMMON_BLOCKS = YES;
				GCC_OPTIMIZATION_LEVEL = 0;
				GCC_PREPROCESSOR_DEFINITIONS = (
					"DEBUG=1",
					"$(inherited)",
				);
				GCC_WARN_64_TO_32_BIT_CONVERSION = YES;
				GCC_WARN_ABOUT_RETURN_TYPE = YES_ERROR;
				GCC_WARN_UNDECLARED_SELECTOR = YES;
				GCC_WARN_UNINITIALIZED_AUTOS = YES_AGGRESSIVE;
				GCC_WARN_UNUSED_FUNCTION = YES;
				GCC_WARN_UNUSED_VARIABLE = YES;
				IPHONEOS_DEPLOYMENT_TARGET = 16.2;
				MTL_ENABLE_DEBUG_INFO = INCLUDE_SOURCE;
				MTL_FAST_MATH = YES;
				ONLY_ACTIVE_ARCH = YES;
				SDKROOT = iphoneos;
				SWIFT_ACTIVE_COMPILATION_CONDITIONS = DEBUG;
				SWIFT_OPTIMIZATION_LEVEL = "-Onone";
			};
			name = Debug;
		};
		CAC2EAB52A1CE85C0065F27C /* Release */ = {
			isa = XCBuildConfiguration;
			buildSettings = {
				ALWAYS_SEARCH_USER_PATHS = NO;
				CLANG_ANALYZER_NONNULL = YES;
				CLANG_ANALYZER_NUMBER_OBJECT_CONVERSION = YES_AGGRESSIVE;
				CLANG_CXX_LANGUAGE_STANDARD = "gnu++20";
				CLANG_ENABLE_MODULES = YES;
				CLANG_ENABLE_OBJC_ARC = YES;
				CLANG_ENABLE_OBJC_WEAK = YES;
				CLANG_WARN_BLOCK_CAPTURE_AUTORELEASING = YES;
				CLANG_WARN_BOOL_CONVERSION = YES;
				CLANG_WARN_COMMA = YES;
				CLANG_WARN_CONSTANT_CONVERSION = YES;
				CLANG_WARN_DEPRECATED_OBJC_IMPLEMENTATIONS = YES;
				CLANG_WARN_DIRECT_OBJC_ISA_USAGE = YES_ERROR;
				CLANG_WARN_DOCUMENTATION_COMMENTS = YES;
				CLANG_WARN_EMPTY_BODY = YES;
				CLANG_WARN_ENUM_CONVERSION = YES;
				CLANG_WARN_INFINITE_RECURSION = YES;
				CLANG_WARN_INT_CONVERSION = YES;
				CLANG_WARN_NON_LITERAL_NULL_CONVERSION = YES;
				CLANG_WARN_OBJC_IMPLICIT_RETAIN_SELF = YES;
				CLANG_WARN_OBJC_LITERAL_CONVERSION = YES;
				CLANG_WARN_OBJC_ROOT_CLASS = YES_ERROR;
				CLANG_WARN_QUOTED_INCLUDE_IN_FRAMEWORK_HEADER = YES;
				CLANG_WARN_RANGE_LOOP_ANALYSIS = YES;
				CLANG_WARN_STRICT_PROTOTYPES = YES;
				CLANG_WARN_SUSPICIOUS_MOVE = YES;
				CLANG_WARN_UNGUARDED_AVAILABILITY = YES_AGGRESSIVE;
				CLANG_WARN_UNREACHABLE_CODE = YES;
				CLANG_WARN__DUPLICATE_METHOD_MATCH = YES;
				COPY_PHASE_STRIP = NO;
				DEBUG_INFORMATION_FORMAT = "dwarf-with-dsym";
				ENABLE_NS_ASSERTIONS = NO;
				ENABLE_STRICT_OBJC_MSGSEND = YES;
				GCC_C_LANGUAGE_STANDARD = gnu11;
				GCC_NO_COMMON_BLOCKS = YES;
				GCC_WARN_64_TO_32_BIT_CONVERSION = YES;
				GCC_WARN_ABOUT_RETURN_TYPE = YES_ERROR;
				GCC_WARN_UNDECLARED_SELECTOR = YES;
				GCC_WARN_UNINITIALIZED_AUTOS = YES_AGGRESSIVE;
				GCC_WARN_UNUSED_FUNCTION = YES;
				GCC_WARN_UNUSED_VARIABLE = YES;
				IPHONEOS_DEPLOYMENT_TARGET = 16.2;
				MTL_ENABLE_DEBUG_INFO = NO;
				MTL_FAST_MATH = YES;
				SDKROOT = iphoneos;
				SWIFT_COMPILATION_MODE = wholemodule;
				SWIFT_OPTIMIZATION_LEVEL = "-O";
				VALIDATE_PRODUCT = YES;
			};
			name = Release;
		};
		CAC2EAB72A1CE85C0065F27C /* Debug */ = {
			isa = XCBuildConfiguration;
			baseConfigurationReference = AB649329211C2ACAFFBDC474 /* Pods-TheWeather.debug.xcconfig */;
			buildSettings = {
				ASSETCATALOG_COMPILER_APPICON_NAME = AppIcon;
				ASSETCATALOG_COMPILER_GLOBAL_ACCENT_COLOR_NAME = AccentColor;
				CODE_SIGN_IDENTITY = "Apple Development";
				CODE_SIGN_STYLE = Automatic;
				CURRENT_PROJECT_VERSION = 1;
				DEVELOPMENT_TEAM = 38442338NW;
				GENERATE_INFOPLIST_FILE = YES;
				INFOPLIST_FILE = TheWeather/Application/Info.plist;
				INFOPLIST_KEY_NSLocationAlwaysAndWhenInUseUsageDescription = "";
				INFOPLIST_KEY_NSLocationWhenInUseUsageDescription = 123455;
				INFOPLIST_KEY_UIApplicationSupportsIndirectInputEvents = YES;
				INFOPLIST_KEY_UILaunchStoryboardName = LaunchScreen;
				INFOPLIST_KEY_UIMainStoryboardFile = "";
				INFOPLIST_KEY_UISupportedInterfaceOrientations = UIInterfaceOrientationPortrait;
				IPHONEOS_DEPLOYMENT_TARGET = 13.0;
				LD_RUNPATH_SEARCH_PATHS = (
					"$(inherited)",
					"@executable_path/Frameworks",
				);
				MARKETING_VERSION = 1.0;
				PRODUCT_BUNDLE_IDENTIFIER = com.TheWeather;
				PRODUCT_NAME = "$(TARGET_NAME)";
				PROVISIONING_PROFILE_SPECIFIER = "";
				SUPPORTED_PLATFORMS = "iphoneos iphonesimulator";
				SUPPORTS_MACCATALYST = NO;
				SUPPORTS_MAC_DESIGNED_FOR_IPHONE_IPAD = NO;
				SWIFT_EMIT_LOC_STRINGS = YES;
				SWIFT_VERSION = 5.0;
				TARGETED_DEVICE_FAMILY = 1;
			};
			name = Debug;
		};
		CAC2EAB82A1CE85C0065F27C /* Release */ = {
			isa = XCBuildConfiguration;
			baseConfigurationReference = 097E5CA20C03CAA597D7306D /* Pods-TheWeather.release.xcconfig */;
			buildSettings = {
				ASSETCATALOG_COMPILER_APPICON_NAME = AppIcon;
				ASSETCATALOG_COMPILER_GLOBAL_ACCENT_COLOR_NAME = AccentColor;
				CODE_SIGN_IDENTITY = "Apple Development";
				CODE_SIGN_STYLE = Automatic;
				CURRENT_PROJECT_VERSION = 1;
				DEVELOPMENT_TEAM = 38442338NW;
				GENERATE_INFOPLIST_FILE = YES;
				INFOPLIST_FILE = TheWeather/Application/Info.plist;
				INFOPLIST_KEY_NSLocationAlwaysAndWhenInUseUsageDescription = "";
				INFOPLIST_KEY_NSLocationWhenInUseUsageDescription = 123455;
				INFOPLIST_KEY_UIApplicationSupportsIndirectInputEvents = YES;
				INFOPLIST_KEY_UILaunchStoryboardName = LaunchScreen;
				INFOPLIST_KEY_UIMainStoryboardFile = "";
				INFOPLIST_KEY_UISupportedInterfaceOrientations = UIInterfaceOrientationPortrait;
				IPHONEOS_DEPLOYMENT_TARGET = 13.0;
				LD_RUNPATH_SEARCH_PATHS = (
					"$(inherited)",
					"@executable_path/Frameworks",
				);
				MARKETING_VERSION = 1.0;
				PRODUCT_BUNDLE_IDENTIFIER = com.TheWeather;
				PRODUCT_NAME = "$(TARGET_NAME)";
				PROVISIONING_PROFILE_SPECIFIER = "";
				SUPPORTED_PLATFORMS = "iphoneos iphonesimulator";
				SUPPORTS_MACCATALYST = NO;
				SUPPORTS_MAC_DESIGNED_FOR_IPHONE_IPAD = NO;
				SWIFT_EMIT_LOC_STRINGS = YES;
				SWIFT_VERSION = 5.0;
				TARGETED_DEVICE_FAMILY = 1;
			};
			name = Release;
		};
/* End XCBuildConfiguration section */

/* Begin XCConfigurationList section */
		CAC2EA9A2A1CE85B0065F27C /* Build configuration list for PBXProject "TheWeather" */ = {
			isa = XCConfigurationList;
			buildConfigurations = (
				CAC2EAB42A1CE85C0065F27C /* Debug */,
				CAC2EAB52A1CE85C0065F27C /* Release */,
			);
			defaultConfigurationIsVisible = 0;
			defaultConfigurationName = Release;
		};
		CAC2EAB62A1CE85C0065F27C /* Build configuration list for PBXNativeTarget "TheWeather" */ = {
			isa = XCConfigurationList;
			buildConfigurations = (
				CAC2EAB72A1CE85C0065F27C /* Debug */,
				CAC2EAB82A1CE85C0065F27C /* Release */,
			);
			defaultConfigurationIsVisible = 0;
			defaultConfigurationName = Release;
		};
/* End XCConfigurationList section */

/* Begin XCVersionGroup section */
		CAC2EAAB2A1CE85B0065F27C /* TheWeather.xcdatamodeld */ = {
			isa = XCVersionGroup;
			children = (
				CAC2EAAC2A1CE85B0065F27C /* TheWeather.xcdatamodel */,
			);
			currentVersion = CAC2EAAC2A1CE85B0065F27C /* TheWeather.xcdatamodel */;
			path = TheWeather.xcdatamodeld;
			sourceTree = "<group>";
			versionGroupType = wrapper.xcdatamodel;
		};
/* End XCVersionGroup section */
	};
	rootObject = CAC2EA972A1CE85B0065F27C /* Project object */;
}
